{
  "name": "@jetkesuma/punkid",
  "version": "1.0.0",
  "lockfileVersion": 3,
  "requires": true,
  "packages": {
    "": {
      "name": "@jetkesuma/punkid",
      "version": "1.0.0",
      "license": "ISC",
      "dependencies": {
        "punkid": "^1.0.0"
      },
      "devDependencies": {}
    },
    "node_modules/punkid": {
      "version": "1.0.0",
      "resolved": "https://registry.npmjs.org/punkid/-/punkid-1.0.0.tgz",
      "integrity": "sha512-8l13u3lvN3yPMU+NZzHaoUOnoQPrRwxV5xyOOaUgtAv58pkDCKDB3UmDxBOS4Y+9EaotIF/Vz+6fh+eooaYSXg=="
    }
  }
}
